
Microsoft Visual Studio Solution File, Format Version 12.00
# Visual Studio Version 17
VisualStudioVersion = 17.1.32421.90
MinimumVisualStudioVersion = 10.0.40219.1
Project("{FAE04EC0-301F-11D3-BF4B-00C04F79EFBC}") = "Eight Queens", "Eight Queens\Eight Queens.csproj", "{F90CC440-AD0B-4365-BB4E-52F0D81F4C42}"
EndProject
Global
	GlobalSection(SolutionConfigurationPlatforms) = preSolution
		Debug|Any CPU = Debug|Any CPU
		Release|Any CPU = Release|Any CPU
	EndGlobalSection
	GlobalSection(ProjectConfigurationPlatforms) = postSolution
		{F90CC440-AD0B-4365-BB4E-52F0D81F4C42}.Debug|Any CPU.ActiveCfg = Debug|Any CPU
		{F90CC440-AD0B-4365-BB4E-52F0D81F4C42}.Debug|Any CPU.Build.0 = Debug|Any CPU
		{F90CC440-AD0B-4365-BB4E-52F0D81F4C42}.Release|Any CPU.ActiveCfg = Release|Any CPU
		{F90CC440-AD0B-4365-BB4E-52F0D81F4C42}.Release|Any CPU.Build.0 = Release|Any CPU
	EndGlobalSection
	GlobalSection(SolutionProperties) = preSolution
		HideSolutionNode = FALSE
	EndGlobalSection
	GlobalSection(ExtensibilityGlobals) = postSolution
		SolutionGuid = {8DD0306A-DC71-45B3-82CF-6D74C96893EA}
	EndGlobalSection
EndGlobal
